
Microsoft Visual Studio Solution File, Format Version 12.00
# Visual Studio Version 17
VisualStudioVersion = 17.6.33815.320
MinimumVisualStudioVersion = 10.0.40219.1
Project("{9A19103F-16F7-4668-BE54-9A1E7A4F7556}") = "GameMania", "GameMania\GameMania.csproj", "{62F46259-8B99-4985-BEED-7F132086C36F}"
EndProject
Project("{FAE04EC0-301F-11D3-BF4B-00C04F79EFBC}") = "GameMania.DataAcccessLayer", "GameMania.DataAcccessLayer\GameMania.DataAcccessLayer.csproj", "{957264FC-AB20-42BE-8DA2-67EC225AE60E}"
EndProject
Project("{FAE04EC0-301F-11D3-BF4B-00C04F79EFBC}") = "GameMania.Repository", "GameMania.Repository\GameMania.Repository.csproj", "{2EBEC7E4-1FE6-4FC2-B834-443817ABBB28}"
EndProject
Global
	GlobalSection(SolutionConfigurationPlatforms) = preSolution
		Debug|Any CPU = Debug|Any CPU
		Release|Any CPU = Release|Any CPU
	EndGlobalSection
	GlobalSection(ProjectConfigurationPlatforms) = postSolution
		{62F46259-8B99-4985-BEED-7F132086C36F}.Debug|Any CPU.ActiveCfg = Debug|Any CPU
		{62F46259-8B99-4985-BEED-7F132086C36F}.Debug|Any CPU.Build.0 = Debug|Any CPU
		{62F46259-8B99-4985-BEED-7F132086C36F}.Release|Any CPU.ActiveCfg = Release|Any CPU
		{62F46259-8B99-4985-BEED-7F132086C36F}.Release|Any CPU.Build.0 = Release|Any CPU
		{957264FC-AB20-42BE-8DA2-67EC225AE60E}.Debug|Any CPU.ActiveCfg = Debug|Any CPU
		{957264FC-AB20-42BE-8DA2-67EC225AE60E}.Debug|Any CPU.Build.0 = Debug|Any CPU
		{957264FC-AB20-42BE-8DA2-67EC225AE60E}.Release|Any CPU.ActiveCfg = Release|Any CPU
		{957264FC-AB20-42BE-8DA2-67EC225AE60E}.Release|Any CPU.Build.0 = Release|Any CPU
		{2EBEC7E4-1FE6-4FC2-B834-443817ABBB28}.Debug|Any CPU.ActiveCfg = Debug|Any CPU
		{2EBEC7E4-1FE6-4FC2-B834-443817ABBB28}.Debug|Any CPU.Build.0 = Debug|Any CPU
		{2EBEC7E4-1FE6-4FC2-B834-443817ABBB28}.Release|Any CPU.ActiveCfg = Release|Any CPU
		{2EBEC7E4-1FE6-4FC2-B834-443817ABBB28}.Release|Any CPU.Build.0 = Release|Any CPU
	EndGlobalSection
	GlobalSection(SolutionProperties) = preSolution
		HideSolutionNode = FALSE
	EndGlobalSection
	GlobalSection(ExtensibilityGlobals) = postSolution
		SolutionGuid = {B0FED21C-295F-4382-843D-0B591DA16D78}
	EndGlobalSection
EndGlobal
